# This is an Anaconda project lock file.
# The lock file locks down exact versions of all your dependencies.
#
# In most cases, this file is automatically maintained by the `anaconda-project` command or GUI tools.
# It's best to keep this file in revision control (such as git or svn).
# The file is in YAML format, please see http://www.yaml.org/start.html for more.
#

#
# Set to false to ignore locked versions.
#
locking_enabled: true
env_specs:
  default:
    locked: true
    env_spec_hash: 2bf222d4d159dcbfc117506b3d28afb5138986fc
    platforms:
    - linux-64
    - osx-64
    packages:
      unix:
      - appdirs=1.4.4=pyhd3eb1b0_0
      - argon2-cffi=21.3.0=pyhd3eb1b0_0
      - asttokens=2.0.5=pyhd3eb1b0_0
      - backcall=0.2.0=pyhd3eb1b0_0
      - bleach=4.1.0=pyhd3eb1b0_0
      - charset-normalizer=2.0.4=pyhd3eb1b0_0
      - cycler=0.11.0=pyhd3eb1b0_0
      - dask-core=2022.2.1=pyhd3eb1b0_0
      - dask=2022.2.1=pyhd3eb1b0_0
      - datashader=0.15.1=pyhd8ed1ab_0
      - decorator=5.1.1=pyhd3eb1b0_0
      - defusedxml=0.7.1=pyhd3eb1b0_0
      - distributed=2022.2.1=pyhd3eb1b0_0
      - executing=0.8.3=pyhd3eb1b0_0
      - fonttools=4.25.0=pyhd3eb1b0_0
      - heapdict=1.0.1=pyhd3eb1b0_0
      - importlib_resources=5.2.0=pyhd3eb1b0_1
      - ipython_genutils=0.2.0=pyhd3eb1b0_1
      - jupyterlab_pygments=0.1.2=py_0
      - multipledispatch=0.6.0=py38_0
      - munkres=1.1.4=py_0
      - pandocfilters=1.5.0=pyhd3eb1b0_0
      - parso=0.8.3=pyhd3eb1b0_0
      - partd=1.2.0=pyhd3eb1b0_1
      - pexpect=4.8.0=pyhd3eb1b0_3
      - pickleshare=0.7.5=pyhd3eb1b0_1003
      - pooch=1.4.0=pyhd3eb1b0_0
      - ptyprocess=0.7.0=pyhd3eb1b0_2
      - pure_eval=0.2.2=pyhd3eb1b0_0
      - pycparser=2.21=pyhd3eb1b0_0
      - pyopenssl=23.2.0=pyhd8ed1ab_1
      - python-dateutil=2.8.2=pyhd3eb1b0_0
      - retrying=1.3.3=pyhd3eb1b0_2
      - send2trash=1.8.0=pyhd3eb1b0_1
      - six=1.16.0=pyhd3eb1b0_1
      - sortedcontainers=2.4.0=pyhd3eb1b0_0
      - stack_data=0.2.0=pyhd3eb1b0_0
      - tblib=1.7.0=pyhd3eb1b0_0
      - wcwidth=0.2.5=pyhd3eb1b0_0
      - webencodings=0.5.1=py38_1
      linux-64:
      - _libgcc_mutex=0.1=conda_forge
      - _openmp_mutex=4.5=2_kmp_llvm
      - abseil-cpp=20211102.0=hd4dd3e8_0
      - anyio=3.5.0=py38h06a4308_0
      - argon2-cffi-bindings=21.2.0=py38h7f8727e_0
      - arrow-cpp=11.0.0=py38h613000e_0
      - attrs=22.1.0=py38h06a4308_0
      - aws-c-common=0.4.57=he6710b0_1
      - aws-c-event-stream=0.1.6=h2531618_5
      - aws-checksums=0.1.9=he6710b0_0
      - aws-sdk-cpp=1.8.185=hce553d0_0
      - beautifulsoup4=4.12.2=py38h06a4308_0
      - blas=1.0=mkl
      - bokeh=3.1.1=py38h2f386ee_0
      - boost-cpp=1.73.0=h7f8727e_12
      - bottleneck=1.3.5=py38h7deecbd_0
      - brotli-bin=1.0.9=h5eee18b_7
      - brotli=1.0.9=h5eee18b_7
      - brotlipy=0.7.0=py38h27cfd23_1003
      - bzip2=1.0.8=h7b6447c_0
      - c-ares=1.19.0=h5eee18b_0
      - ca-certificates=2023.05.30=h06a4308_0
      - certifi=2023.5.7=py38h06a4308_0
      - cffi=1.15.0=py38h7f8727e_0
      - click=8.0.4=py38h06a4308_0
      - cloudpickle=2.2.1=py38h06a4308_0
      - colorcet=3.0.1=py38h06a4308_0
      - comm=0.1.2=py38h06a4308_0
      - contourpy=1.0.5=py38hdb19cb5_0
      - cryptography=41.0.2=py38h774aba0_0
      - cytoolz=0.12.0=py38h5eee18b_0
      - datashape=0.5.4=py38h06a4308_1
      - debugpy=1.5.1=py38h295c915_0
      - entrypoints=0.4=py38h06a4308_0
      - freetype=2.12.1=h4a9f257_0
      - fsspec=2023.4.0=py38h06a4308_0
      - gflags=2.2.2=he6710b0_0
      - giflib=5.2.1=h5eee18b_3
      - glog=0.5.0=h2531618_0
      - grpc-cpp=1.46.1=h33aed49_1
      - holoviews=1.16.2=py38h06a4308_0
      - hvplot=0.8.3=py38h06a4308_0
      - icu=58.2=he6710b0_3
      - idna=3.4=py38h06a4308_0
      - importlib-metadata=6.0.0=py38h06a4308_0
      - ipykernel=6.19.2=py38hb070fc8_0
      - ipython=8.12.0=py38h06a4308_0
      - jedi=0.18.1=py38h06a4308_1
      - jinja2=3.1.2=py38h06a4308_0
      - jpeg=9e=h5eee18b_1
      - jsonschema=4.17.3=py38h06a4308_0
      - jupyter_client=7.4.9=py38h06a4308_0
      - jupyter_core=5.3.0=py38h06a4308_0
      - jupyter_events=0.6.3=py38h06a4308_0
      - jupyter_server=2.5.0=py38h06a4308_0
      - jupyter_server_terminals=0.4.4=py38h06a4308_1
      - kiwisolver=1.4.4=py38h6a678d5_0
      - krb5=1.20.1=h568e23c_1
      - lcms2=2.12=h3be6417_0
      - lerc=3.0=h295c915_0
      - libblas=3.9.0=1_h86c2bf4_netlib
      - libboost=1.73.0=h28710b8_12
      - libbrotlicommon=1.0.9=h5eee18b_7
      - libbrotlidec=1.0.9=h5eee18b_7
      - libbrotlienc=1.0.9=h5eee18b_7
      - libcblas=3.9.0=5_h92ddd45_netlib
      - libcurl=8.1.1=h91b91d3_1
      - libdeflate=1.17=h5eee18b_0
      - libedit=3.1.20221030=h5eee18b_0
      - libev=4.33=h7f8727e_1
      - libevent=2.1.12=h8f2d780_0
      - libffi=3.2.1=hf484d3e_1007
      - libgcc-ng=13.1.0=he5830b7_0
      - libgfortran-ng=13.1.0=h69a702a_0
      - libgfortran5=13.1.0=h15d22d2_0
      - liblapack=3.9.0=5_h92ddd45_netlib
      - libllvm10=10.0.1=hbcb73fb_5
      - libnghttp2=1.52.0=ha637b67_1
      - libpng=1.6.39=h5eee18b_0
      - libprotobuf=3.20.3=he621ea3_0
      - libsodium=1.0.18=h7b6447c_0
      - libssh2=1.10.0=h37d81fd_2
      - libstdcxx-ng=13.1.0=hfd8a6a1_0
      - libthrift=0.15.0=h0d84882_2
      - libtiff=4.5.0=h6a678d5_2
      - libwebp-base=1.2.4=h5eee18b_1
      - libwebp=1.2.4=h11a3e52_1
      - libxml2=2.10.3=hcbfbd50_0
      - libxslt=1.1.37=h2085143_0
      - libzlib=1.2.13=hd590300_5
      - linkify-it-py=2.0.0=py38h06a4308_0
      - llvm-openmp=16.0.6=h4dfa4b3_0
      - llvmlite=0.34.0=py38h269e1b5_4
      - locket=1.0.0=py38h06a4308_0
      - lxml=4.9.2=py38h5eee18b_0
      - lz4-c=1.9.4=h6a678d5_0
      - markdown-it-py=2.2.0=py38h06a4308_1
      - markdown=3.4.1=py38h06a4308_0
      - markupsafe=2.1.1=py38h7f8727e_0
      - matplotlib-base=3.7.1=py38h417a72b_1
      - matplotlib-inline=0.1.6=py38h06a4308_0
      - mdit-py-plugins=0.3.0=py38h06a4308_0
      - mdurl=0.1.0=py38h06a4308_0
      - mistune=0.8.4=py38h7b6447c_1000
      - mkl-service=2.4.0=py38h5eee18b_1
      - mkl=2023.1.0=h84fe81f_48680
      - mkl_fft=1.3.6=py38h417a72b_1
      - mkl_random=1.2.2=py38h417a72b_1
      - msgpack-python=1.0.3=py38hd09550d_0
      - nbclassic=0.5.5=py38h06a4308_0
      - nbclient=0.5.13=py38h06a4308_0
      - nbconvert=6.5.4=py38h06a4308_0
      - nbformat=5.7.0=py38h06a4308_0
      - ncurses=6.4=h6a678d5_0
      - nest-asyncio=1.5.6=py38h06a4308_0
      - notebook-shim=0.2.2=py38h06a4308_0
      - notebook=6.5.4=py38h06a4308_0
      - numba=0.51.2=py38h0573a6f_1
      - numexpr=2.8.4=py38hc78ab66_1
      - numpy-base=1.24.3=py38h060ed82_1
      - numpy=1.24.3=py38hf6e8229_1
      - openssl=1.1.1u=h7f8727e_0
      - orc=1.7.4=hb3bc3d3_1
      - packaging=23.0=py38h06a4308_0
      - pandas=1.4.4=py38h6a678d5_0
      - panel=1.1.0=py38h06a4308_0
      - param=1.13.0=py38h06a4308_0
      - pillow=9.4.0=py38h6a678d5_0
      - pip=23.1.2=py38h06a4308_0
      - pkgutil-resolve-name=1.3.10=py38h06a4308_0
      - platformdirs=2.5.2=py38h06a4308_0
      - prometheus_client=0.14.1=py38h06a4308_0
      - prompt-toolkit=3.0.36=py38h06a4308_0
      - psutil=5.9.0=py38h5eee18b_0
      - pyarrow=11.0.0=py38h992f0b0_0
      - pyct=0.5.0=py38h06a4308_0
      - pygments=2.15.1=py38h06a4308_1
      - pyparsing=3.0.9=py38h06a4308_0
      - pyrsistent=0.18.0=py38heee7806_0
      - pysocks=1.7.1=py38h06a4308_0
      - python-fastjsonschema=2.16.2=py38h06a4308_0
      - python-json-logger=2.0.7=py38h06a4308_0
      - python-lmdb=1.4.1=py38h6a678d5_0
      - python=3.8.0=h0371630_2
      - python_abi=3.8=2_cp38
      - pytz=2022.7=py38h06a4308_0
      - pyviz_comms=2.3.0=py38h06a4308_0
      - pyyaml=6.0=py38h5eee18b_1
      - pyzmq=25.1.0=py38h6a678d5_0
      - re2=2022.04.01=h295c915_0
      - readline=7.0=h7b6447c_5
      - requests=2.29.0=py38h06a4308_0
      - rfc3339-validator=0.1.4=py38h06a4308_0
      - rfc3986-validator=0.1.1=py38h06a4308_0
      - scipy=1.10.1=py38h59b608b_3
      - setuptools=67.8.0=py38h06a4308_0
      - snappy=1.1.9=h295c915_0
      - sniffio=1.2.0=py38h06a4308_1
      - soupsieve=2.4=py38h06a4308_0
      - spatialpandas=0.4.8=py38h06a4308_0
      - sqlite=3.33.0=h62c20be_0
      - tbb=2021.8.0=hdb19cb5_0
      - terminado=0.17.1=py38h06a4308_0
      - tinycss2=1.2.1=py38h06a4308_0
      - tk=8.6.12=h1ccaba5_0
      - toolz=0.12.0=py38h06a4308_0
      - tornado=6.2=py38h5eee18b_0
      - tqdm=4.65.0=py38hb070fc8_0
      - traitlets=5.7.1=py38h06a4308_0
      - typing-extensions=4.6.3=py38h06a4308_0
      - typing_extensions=4.6.3=py38h06a4308_0
      - uc-micro-py=1.0.1=py38h06a4308_0
      - urllib3=1.26.16=py38h06a4308_0
      - utf8proc=2.6.1=h27cfd23_0
      - websocket-client=0.58.0=py38h06a4308_4
      - wheel=0.38.4=py38h06a4308_0
      - xarray=2022.11.0=py38h06a4308_0
      - xyzservices=2022.9.0=py38h06a4308_1
      - xz=5.4.2=h5eee18b_0
      - yaml=0.2.5=h7b6447c_0
      - zeromq=4.3.4=h2531618_0
      - zict=2.2.0=py38h06a4308_0
      - zipp=3.11.0=py38h06a4308_0
      - zlib=1.2.13=hd590300_5
      - zstd=1.5.5=hc292b87_0
      osx-64:
      - abseil-cpp=20211102.0=he9d5cce_0
      - anyio=3.5.0=py38hecd8cb5_0
      - appnope=0.1.2=py38hecd8cb5_1001
      - argon2-cffi-bindings=21.2.0=py38hca72f7f_0
      - arrow-cpp=11.0.0=py38h7f74497_0
      - attrs=22.1.0=py38hecd8cb5_0
      - aws-c-common=0.4.57=hb1e8313_1
      - aws-c-event-stream=0.1.6=h23ab428_5
      - aws-checksums=0.1.9=hb1e8313_0
      - aws-sdk-cpp=1.8.185=he271ece_0
      - beautifulsoup4=4.12.2=py38hecd8cb5_0
      - blas=1.0=openblas
      - bokeh=3.1.1=py38h20db666_0
      - boost-cpp=1.73.0=hca72f7f_12
      - bottleneck=1.3.5=py38h67323c0_0
      - brotli-bin=1.0.9=hca72f7f_7
      - brotli=1.0.9=hca72f7f_7
      - brotlipy=0.7.0=py38h9ed2024_1003
      - bzip2=1.0.8=h1de35cc_0
      - c-ares=1.19.0=h6c40b1e_0
      - ca-certificates=2023.05.30=hecd8cb5_0
      - certifi=2023.5.7=py38hecd8cb5_0
      - cffi=1.15.0=py38hca72f7f_0
      - click=8.0.4=py38hecd8cb5_0
      - cloudpickle=2.2.1=py38hecd8cb5_0
      - colorcet=3.0.1=py38hecd8cb5_0
      - comm=0.1.2=py38hecd8cb5_0
      - contourpy=1.0.5=py38haf03e11_0
      - cryptography=41.0.2=py38h2093b18_0
      - cytoolz=0.12.0=py38hca72f7f_0
      - datashape=0.5.4=py38hecd8cb5_1
      - debugpy=1.5.1=py38he9d5cce_0
      - entrypoints=0.4=py38hecd8cb5_0
      - freetype=2.12.1=hd8bbffd_0
      - fsspec=2023.4.0=py38hecd8cb5_0
      - gflags=2.2.2=h0a44026_0
      - giflib=5.2.1=h6c40b1e_3
      - glog=0.5.0=h23ab428_0
      - grpc-cpp=1.46.1=h64d96ca_1
      - holoviews=1.16.2=py38hecd8cb5_0
      - hvplot=0.8.3=py38hecd8cb5_0
      - icu=58.2=h0a44026_3
      - idna=3.4=py38hecd8cb5_0
      - importlib-metadata=6.0.0=py38hecd8cb5_0
      - importlib_metadata=6.0.0=hd3eb1b0_0
      - ipykernel=6.19.2=py38h01d92e1_0
      - ipython=8.12.0=py38hecd8cb5_0
      - jedi=0.18.1=py38hecd8cb5_1
      - jinja2=3.1.2=py38hecd8cb5_0
      - jpeg=9e=h6c40b1e_1
      - jsonschema=4.17.3=py38hecd8cb5_0
      - jupyter_client=7.4.9=py38hecd8cb5_0
      - jupyter_core=5.3.0=py38hecd8cb5_0
      - jupyter_events=0.6.3=py38hecd8cb5_0
      - jupyter_server=2.5.0=py38hecd8cb5_0
      - jupyter_server_terminals=0.4.4=py38hecd8cb5_1
      - kiwisolver=1.4.4=py38hcec6c5f_0
      - krb5=1.20.1=hdba6334_1
      - lcms2=2.12=hf1fd2bf_0
      - lerc=3.0=he9d5cce_0
      - libboost=1.73.0=h3fa6bed_12
      - libbrotlicommon=1.0.9=hca72f7f_7
      - libbrotlidec=1.0.9=hca72f7f_7
      - libbrotlienc=1.0.9=hca72f7f_7
      - libcurl=8.1.1=ha585b31_1
      - libcxx=14.0.6=h9765a3e_0
      - libdeflate=1.17=hb664fd8_0
      - libedit=3.1.20221030=h6c40b1e_0
      - libev=4.33=h9ed2024_1
      - libevent=2.1.12=h0a4fc7d_0
      - libffi=3.2.1=h0a44026_1007
      - libgfortran5=11.3.0=h9dfd629_28
      - libgfortran=5.0.0=11_3_0_hecd8cb5_28
      - libiconv=1.16=hca72f7f_2
      - libllvm14=14.0.6=h5b596cc_1
      - libnghttp2=1.52.0=h1c88b7d_1
      - libopenblas=0.3.21=h54e7dc3_0
      - libpng=1.6.39=h6c40b1e_0
      - libprotobuf=3.20.3=hfff2838_0
      - libsodium=1.0.18=h1de35cc_0
      - libssh2=1.10.0=hdb2fb19_2
      - libthrift=0.15.0=h48f73ad_2
      - libtiff=4.5.0=hcec6c5f_2
      - libwebp-base=1.2.4=h6c40b1e_1
      - libwebp=1.2.4=hf6ce154_1
      - libxml2=2.10.3=h930c0e2_0
      - libxslt=1.1.37=h6d1eb0e_0
      - libzlib=1.2.13=h8a1eda9_5
      - linkify-it-py=2.0.0=py38hecd8cb5_0
      - llvm-openmp=14.0.6=h0dcd299_0
      - llvmlite=0.40.0=py38hfff2838_0
      - locket=1.0.0=py38hecd8cb5_0
      - lxml=4.9.2=py38h6c40b1e_0
      - lz4-c=1.9.4=hcec6c5f_0
      - markdown-it-py=2.2.0=py38hecd8cb5_1
      - markdown=3.4.1=py38hecd8cb5_0
      - markupsafe=2.1.1=py38hca72f7f_0
      - matplotlib-base=3.7.1=py38hda11e5a_1
      - matplotlib-inline=0.1.6=py38hecd8cb5_0
      - mdit-py-plugins=0.3.0=py38hecd8cb5_0
      - mdurl=0.1.0=py38hecd8cb5_0
      - mistune=0.8.4=py38h1de35cc_1001
      - msgpack-python=1.0.3=py38haf03e11_0
      - nbclassic=0.5.5=py38hecd8cb5_0
      - nbclient=0.5.13=py38hecd8cb5_0
      - nbconvert=6.5.4=py38hecd8cb5_0
      - nbformat=5.7.0=py38hecd8cb5_0
      - ncurses=6.4=hcec6c5f_0
      - nest-asyncio=1.5.6=py38hecd8cb5_0
      - notebook-shim=0.2.2=py38hecd8cb5_0
      - notebook=6.5.4=py38hecd8cb5_0
      - numba=0.57.0=py38h3ea8b11_0
      - numexpr=2.8.4=py38h57a7bef_1
      - numpy-base=1.24.3=py38hc93c6d9_0
      - numpy=1.24.3=py38h57a7bef_0
      - openssl=1.1.1u=hca72f7f_0
      - orc=1.7.4=h995b336_1
      - packaging=23.0=py38hecd8cb5_0
      - pandas=1.5.3=py38h07fba90_0
      - panel=1.1.0=py38hecd8cb5_0
      - param=1.13.0=py38hecd8cb5_0
      - pillow=9.4.0=py38hcec6c5f_0
      - pip=23.1.2=py38hecd8cb5_0
      - pkgutil-resolve-name=1.3.10=py38hecd8cb5_0
      - platformdirs=2.5.2=py38hecd8cb5_0
      - prometheus_client=0.14.1=py38hecd8cb5_0
      - prompt-toolkit=3.0.36=py38hecd8cb5_0
      - psutil=5.9.0=py38hca72f7f_0
      - pyarrow=11.0.0=py38h7122ad0_0
      - pyct=0.5.0=py38hecd8cb5_0
      - pygments=2.15.1=py38hecd8cb5_1
      - pyparsing=3.0.9=py38hecd8cb5_0
      - pyrsistent=0.18.0=py38hca72f7f_0
      - pysocks=1.7.1=py38_1
      - python-fastjsonschema=2.16.2=py38hecd8cb5_0
      - python-json-logger=2.0.7=py38hecd8cb5_0
      - python-lmdb=1.4.1=py38hcec6c5f_0
      - python=3.8.0=h359304d_2
      - pytz=2022.7=py38hecd8cb5_0
      - pyviz_comms=2.3.0=py38hecd8cb5_0
      - pyyaml=6.0=py38h6c40b1e_1
      - pyzmq=25.1.0=py38hcec6c5f_0
      - re2=2022.04.01=he9d5cce_0
      - readline=7.0=h1de35cc_5
      - requests=2.29.0=py38hecd8cb5_0
      - rfc3339-validator=0.1.4=py38hecd8cb5_0
      - rfc3986-validator=0.1.1=py38hecd8cb5_0
      - scipy=1.10.1=py38h9034365_1
      - setuptools=67.8.0=py38hecd8cb5_0
      - snappy=1.1.9=he9d5cce_0
      - sniffio=1.2.0=py38hecd8cb5_1
      - soupsieve=2.4=py38hecd8cb5_0
      - spatialpandas=0.4.8=py38hecd8cb5_0
      - sqlite=3.33.0=hffcf06c_0
      - tbb=2021.8.0=ha357a0b_0
      - terminado=0.17.1=py38hecd8cb5_0
      - tinycss2=1.2.1=py38hecd8cb5_0
      - tk=8.6.12=h5d9f67b_0
      - toolz=0.12.0=py38hecd8cb5_0
      - tornado=6.2=py38hca72f7f_0
      - tqdm=4.65.0=py38h01d92e1_0
      - traitlets=5.7.1=py38hecd8cb5_0
      - typing-extensions=4.6.3=py38hecd8cb5_0
      - typing_extensions=4.6.3=py38hecd8cb5_0
      - uc-micro-py=1.0.1=py38hecd8cb5_0
      - urllib3=1.26.16=py38hecd8cb5_0
      - utf8proc=2.6.1=h9ed2024_0
      - websocket-client=0.58.0=py38hecd8cb5_4
      - wheel=0.38.4=py38hecd8cb5_0
      - xarray=2022.11.0=py38hecd8cb5_0
      - xyzservices=2022.9.0=py38hecd8cb5_1
      - xz=5.4.2=h6c40b1e_0
      - yaml=0.2.5=haf1e3a3_0
      - zeromq=4.3.4=h23ab428_0
      - zict=2.2.0=py38hecd8cb5_0
      - zipp=3.11.0=py38hecd8cb5_0
      - zlib=1.2.13=h8a1eda9_5
      - zstd=1.5.5=hc035e20_0
      pip:
      - holoviews==1.17.0a2.post23+gd0d37313
